
Microsoft Visual Studio Solution File, Format Version 12.00
# Visual Studio Version 16
VisualStudioVersion = 16.0.30204.135
MinimumVisualStudioVersion = 10.0.40219.1
Project("{FAE04EC0-301F-11D3-BF4B-00C04F79EFBC}") = "Project.Diana.WebApi", "Project.Diana.WebApi\Project.Diana.WebApi.csproj", "{A697F640-6451-4464-B752-D80164234635}"
EndProject
Project("{2150E333-8FDC-42A3-9474-1A3956D46DE8}") = "Src", "Src", "{296F7507-4669-47BF-9E34-C57C0710C90A}"
EndProject
Project("{2150E333-8FDC-42A3-9474-1A3956D46DE8}") = "Solution Items", "Solution Items", "{F4D2BEB6-9C29-4D7A-9715-8A91B6145939}"
	ProjectSection(SolutionItems) = preProject
		..\.gitignore = ..\.gitignore
	EndProjectSection
EndProject
Project("{2150E333-8FDC-42A3-9474-1A3956D46DE8}") = "Tests", "Tests", "{6EE52200-E15C-4719-965F-A23C49FEABE4}"
EndProject
Global
	GlobalSection(SolutionConfigurationPlatforms) = preSolution
		Debug|Any CPU = Debug|Any CPU
		Release|Any CPU = Release|Any CPU
	EndGlobalSection
	GlobalSection(ProjectConfigurationPlatforms) = postSolution
		{A697F640-6451-4464-B752-D80164234635}.Debug|Any CPU.ActiveCfg = Debug|Any CPU
		{A697F640-6451-4464-B752-D80164234635}.Debug|Any CPU.Build.0 = Debug|Any CPU
		{A697F640-6451-4464-B752-D80164234635}.Release|Any CPU.ActiveCfg = Release|Any CPU
		{A697F640-6451-4464-B752-D80164234635}.Release|Any CPU.Build.0 = Release|Any CPU
	EndGlobalSection
	GlobalSection(SolutionProperties) = preSolution
		HideSolutionNode = FALSE
	EndGlobalSection
	GlobalSection(NestedProjects) = preSolution
		{A697F640-6451-4464-B752-D80164234635} = {296F7507-4669-47BF-9E34-C57C0710C90A}
	EndGlobalSection
	GlobalSection(ExtensibilityGlobals) = postSolution
		SolutionGuid = {FD871E70-A9EF-4440-869E-F375CAB2AD44}
	EndGlobalSection
EndGlobal
